
Microsoft Visual Studio Solution File, Format Version 11.00
# Visual Studio 2010
Project("{FAE04EC0-301F-11D3-BF4B-00C04F79EFBC}") = "Linq", "src\linq\Linq.csproj", "{A2171F32-6AB4-4BA4-920B-EB1D28F5F7F2}"
EndProject
Project("{FAE04EC0-301F-11D3-BF4B-00C04F79EFBC}") = "unitTest", "src\unittest\unitTest.csproj", "{33D2361A-7644-48F9-A820-903A6FC6E86C}"
EndProject
Project("{FAE04EC0-301F-11D3-BF4B-00C04F79EFBC}") = "ConsoleApplication2", "src\ConsoleApplication2\ConsoleApplication2.csproj", "{E1949543-BCD3-4C7B-AF15-C476F8B13A53}"
EndProject
Global
	GlobalSection(SolutionConfigurationPlatforms) = preSolution
		Debug|Any CPU = Debug|Any CPU
		Debug|Mixed Platforms = Debug|Mixed Platforms
		Debug|x86 = Debug|x86
		Release|Any CPU = Release|Any CPU
		Release|Mixed Platforms = Release|Mixed Platforms
		Release|x86 = Release|x86
	EndGlobalSection
	GlobalSection(ProjectConfigurationPlatforms) = postSolution
		{A2171F32-6AB4-4BA4-920B-EB1D28F5F7F2}.Debug|Any CPU.ActiveCfg = Debug|Any CPU
		{A2171F32-6AB4-4BA4-920B-EB1D28F5F7F2}.Debug|Any CPU.Build.0 = Debug|Any CPU
		{A2171F32-6AB4-4BA4-920B-EB1D28F5F7F2}.Debug|Mixed Platforms.ActiveCfg = Debug|Any CPU
		{A2171F32-6AB4-4BA4-920B-EB1D28F5F7F2}.Debug|Mixed Platforms.Build.0 = Debug|Any CPU
		{A2171F32-6AB4-4BA4-920B-EB1D28F5F7F2}.Debug|x86.ActiveCfg = Debug|Any CPU
		{A2171F32-6AB4-4BA4-920B-EB1D28F5F7F2}.Release|Any CPU.ActiveCfg = Release|Any CPU
		{A2171F32-6AB4-4BA4-920B-EB1D28F5F7F2}.Release|Any CPU.Build.0 = Release|Any CPU
		{A2171F32-6AB4-4BA4-920B-EB1D28F5F7F2}.Release|Mixed Platforms.ActiveCfg = Release|Any CPU
		{A2171F32-6AB4-4BA4-920B-EB1D28F5F7F2}.Release|Mixed Platforms.Build.0 = Release|Any CPU
		{A2171F32-6AB4-4BA4-920B-EB1D28F5F7F2}.Release|x86.ActiveCfg = Release|Any CPU
		{33D2361A-7644-48F9-A820-903A6FC6E86C}.Debug|Any CPU.ActiveCfg = Debug|Any CPU
		{33D2361A-7644-48F9-A820-903A6FC6E86C}.Debug|Any CPU.Build.0 = Debug|Any CPU
		{33D2361A-7644-48F9-A820-903A6FC6E86C}.Debug|Mixed Platforms.ActiveCfg = Debug|Any CPU
		{33D2361A-7644-48F9-A820-903A6FC6E86C}.Debug|Mixed Platforms.Build.0 = Debug|Any CPU
		{33D2361A-7644-48F9-A820-903A6FC6E86C}.Debug|x86.ActiveCfg = Debug|Any CPU
		{33D2361A-7644-48F9-A820-903A6FC6E86C}.Release|Any CPU.ActiveCfg = Release|Any CPU
		{33D2361A-7644-48F9-A820-903A6FC6E86C}.Release|Any CPU.Build.0 = Release|Any CPU
		{33D2361A-7644-48F9-A820-903A6FC6E86C}.Release|Mixed Platforms.ActiveCfg = Release|Any CPU
		{33D2361A-7644-48F9-A820-903A6FC6E86C}.Release|Mixed Platforms.Build.0 = Release|Any CPU
		{33D2361A-7644-48F9-A820-903A6FC6E86C}.Release|x86.ActiveCfg = Release|Any CPU
		{E1949543-BCD3-4C7B-AF15-C476F8B13A53}.Debug|Any CPU.ActiveCfg = Debug|x86
		{E1949543-BCD3-4C7B-AF15-C476F8B13A53}.Debug|Mixed Platforms.ActiveCfg = Debug|x86
		{E1949543-BCD3-4C7B-AF15-C476F8B13A53}.Debug|Mixed Platforms.Build.0 = Debug|x86
		{E1949543-BCD3-4C7B-AF15-C476F8B13A53}.Debug|x86.ActiveCfg = Debug|x86
		{E1949543-BCD3-4C7B-AF15-C476F8B13A53}.Debug|x86.Build.0 = Debug|x86
		{E1949543-BCD3-4C7B-AF15-C476F8B13A53}.Release|Any CPU.ActiveCfg = Release|x86
		{E1949543-BCD3-4C7B-AF15-C476F8B13A53}.Release|Mixed Platforms.ActiveCfg = Release|x86
		{E1949543-BCD3-4C7B-AF15-C476F8B13A53}.Release|Mixed Platforms.Build.0 = Release|x86
		{E1949543-BCD3-4C7B-AF15-C476F8B13A53}.Release|x86.ActiveCfg = Release|x86
		{E1949543-BCD3-4C7B-AF15-C476F8B13A53}.Release|x86.Build.0 = Release|x86
	EndGlobalSection
	GlobalSection(SolutionProperties) = preSolution
		HideSolutionNode = FALSE
	EndGlobalSection
	GlobalSection(SubversionScc) = preSolution
		Svn-Managed = True
		Manager = AnkhSVN - Subversion Support for Visual Studio
	EndGlobalSection
EndGlobal
